// !$*UTF8*$!
{
	archiveVersion = 1;
	classes = {
	};
	objectVersion = 46;
	objects = {

/* Begin PBXBuildFile section */
		473FF6031D5F6AF500295DE9 /* main.m in Sources */ = {isa = PBXBuildFile; fileRef = 473FF6021D5F6AF500295DE9 /* main.m */; };
		473FF6061D5F6AF500295DE9 /* AppDelegate.m in Sources */ = {isa = PBXBuildFile; fileRef = 473FF6051D5F6AF500295DE9 /* AppDelegate.m */; };
		473FF6091D5F6AF500295DE9 /* ViewController.m in Sources */ = {isa = PBXBuildFile; fileRef = 473FF6081D5F6AF500295DE9 /* ViewController.m */; };
		473FF60C1D5F6AF500295DE9 /* Main.storyboard in Resources */ = {isa = PBXBuildFile; fileRef = 473FF60A1D5F6AF500295DE9 /* Main.storyboard */; };
		473FF60F1D5F6AF500295DE9 /* first.xcdatamodeld in Sources */ = {isa = PBXBuildFile; fileRef = 473FF60D1D5F6AF500295DE9 /* first.xcdatamodeld */; };
		473FF6111D5F6AF500295DE9 /* Assets.xcassets in Resources */ = {isa = PBXBuildFile; fileRef = 473FF6101D5F6AF500295DE9 /* Assets.xcassets */; };
		473FF6141D5F6AF500295DE9 /* LaunchScreen.storyboard in Resources */ = {isa = PBXBuildFile; fileRef = 473FF6121D5F6AF500295DE9 /* LaunchScreen.storyboard */; };
		473FF61C1D5F92A600295DE9 /* Strooper-Logo.jpg in Resources */ = {isa = PBXBuildFile; fileRef = 473FF61B1D5F92A600295DE9 /* Strooper-Logo.jpg */; };
/* End PBXBuildFile section */

/* Begin PBXFileReference section */
		473FF5FE1D5F6AF500295DE9 /* first.app */ = {isa = PBXFileReference; explicitFileType = wrapper.application; includeInIndex = 0; path = first.app; sourceTree = BUILT_PRODUCTS_DIR; };
		473FF6021D5F6AF500295DE9 /* main.m */ = {isa = PBXFileReference; lastKnownFileType = sourcecode.c.objc; path = main.m; sourceTree = "<group>"; };
		473FF6041D5F6AF500295DE9 /* AppDelegate.h */ = {isa = PBXFileReference; lastKnownFileType = sourcecode.c.h; path = AppDelegate.h; sourceTree = "<group>"; };
		473FF6051D5F6AF500295DE9 /* AppDelegate.m */ = {isa = PBXFileReference; lastKnownFileType = sourcecode.c.objc; path = AppDelegate.m; sourceTree = "<group>"; };
		473FF6071D5F6AF500295DE9 /* ViewController.h */ = {isa = PBXFileReference; lastKnownFileType = sourcecode.c.h; path = ViewController.h; sourceTree = "<group>"; };
		473FF6081D5F6AF500295DE9 /* ViewController.m */ = {isa = PBXFileReference; lastKnownFileType = sourcecode.c.objc; path = ViewController.m; sourceTree = "<group>"; };
		473FF60B1D5F6AF500295DE9 /* Base */ = {isa = PBXFileReference; lastKnownFileType = file.storyboard; name = Base; path = Base.lproj/Main.storyboard; sourceTree = "<group>"; };
		473FF60E1D5F6AF500295DE9 /* first.xcdatamodel */ = {isa = PBXFileReference; lastKnownFileType = wrapper.xcdatamodel; path = first.xcdatamodel; sourceTree = "<group>"; };
		473FF6101D5F6AF500295DE9 /* Assets.xcassets */ = {isa = PBXFileReference; lastKnownFileType = folder.assetcatalog; path = Assets.xcassets; sourceTree = "<group>"; };
		473FF6131D5F6AF500295DE9 /* Base */ = {isa = PBXFileReference; lastKnownFileType = file.storyboard; name = Base; path = Base.lproj/LaunchScreen.storyboard; sourceTree = "<group>"; };
		473FF6151D5F6AF500295DE9 /* Info.plist */ = {isa = PBXFileReference; lastKnownFileType = text.plist.xml; path = Info.plist; sourceTree = "<group>"; };
		473FF61B1D5F92A600295DE9 /* Strooper-Logo.jpg */ = {isa = PBXFileReference; lastKnownFileType = image.jpeg; path = "Strooper-Logo.jpg"; sourceTree = "<group>"; };
/* End PBXFileReference section */

/* Begin PBXFrameworksBuildPhase section */
		473FF5FB1D5F6AF500295DE9 /* Frameworks */ = {
			isa = PBXFrameworksBuildPhase;
			buildActionMask = 2147483647;
			files = (
			);
			runOnlyForDeploymentPostprocessing = 0;
		};
/* End PBXFrameworksBuildPhase section */

/* Begin PBXGroup section */
		473FF5F51D5F6AF500295DE9 = {
			isa = PBXGroup;
			children = (
				473FF6001D5F6AF500295DE9 /* first */,
				473FF5FF1D5F6AF500295DE9 /* Products */,
			);
			sourceTree = "<group>";
		};
		473FF5FF1D5F6AF500295DE9 /* Products */ = {
			isa = PBXGroup;
			children = (
				473FF5FE1D5F6AF500295DE9 /* first.app */,
			);
			name = Products;
			sourceTree = "<group>";
		};
		473FF6001D5F6AF500295DE9 /* first */ = {
			isa = PBXGroup;
			children = (
				473FF6041D5F6AF500295DE9 /* AppDelegate.h */,
				473FF6051D5F6AF500295DE9 /* AppDelegate.m */,
				473FF6071D5F6AF500295DE9 /* ViewController.h */,
				473FF6081D5F6AF500295DE9 /* ViewController.m */,
				473FF60A1D5F6AF500295DE9 /* Main.storyboard */,
				473FF6101D5F6AF500295DE9 /* Assets.xcassets */,
				473FF61B1D5F92A600295DE9 /* Strooper-Logo.jpg */,
				473FF6121D5F6AF500295DE9 /* LaunchScreen.storyboard */,
				473FF6151D5F6AF500295DE9 /* Info.plist */,
				473FF60D1D5F6AF500295DE9 /* first.xcdatamodeld */,
				473FF6011D5F6AF500295DE9 /* Supporting Files */,
			);
			path = first;
			sourceTree = "<group>";
		};
		473FF6011D5F6AF500295DE9 /* Supporting Files */ = {
			isa = PBXGroup;
			children = (
				473FF6021D5F6AF500295DE9 /* main.m */,
			);
			name = "Supporting Files";
			sourceTree = "<group>";
		};
/* End PBXGroup section */

/* Begin PBXNativeTarget section */
		473FF5FD1D5F6AF500295DE9 /* first */ = {
			isa = PBXNativeTarget;
			buildConfigurationList = 473FF6181D5F6AF500295DE9 /* Build configuration list for PBXNativeTarget "first" */;
			buildPhases = (
				473FF5FA1D5F6AF500295DE9 /* Sources */,
				473FF5FB1D5F6AF500295DE9 /* Frameworks */,
				473FF5FC1D5F6AF500295DE9 /* Resources */,
			);
			buildRules = (
			);
			dependencies = (
			);
			name = first;
			productName = first;
			productReference = 473FF5FE1D5F6AF500295DE9 /* first.app */;
			productType = "com.apple.product-type.application";
		};
/* End PBXNativeTarget section */

/* Begin PBXProject section */
		473FF5F61D5F6AF500295DE9 /* Project object */ = {
			isa = PBXProject;
			attributes = {
				LastUpgradeCheck = 0730;
				ORGANIZATIONNAME = "HGarz Studios";
				TargetAttributes = {
					473FF5FD1D5F6AF500295DE9 = {
						CreatedOnToolsVersion = 7.3.1;
					};
				};
			};
			buildConfigurationList = 473FF5F91D5F6AF500295DE9 /* Build configuration list for PBXProject "first" */;
			compatibilityVersion = "Xcode 3.2";
			developmentRegion = English;
			hasScannedForEncodings = 0;
			knownRegions = (
				en,
				Base,
			);
			mainGroup = 473FF5F51D5F6AF500295DE9;
			productRefGroup = 473FF5FF1D5F6AF500295DE9 /* Products */;
			projectDirPath = "";
			projectRoot = "";
			targets = (
				473FF5FD1D5F6AF500295DE9 /* first */,
			);
		};
/* End PBXProject section */

/* Begin PBXResourcesBuildPhase section */
		473FF5FC1D5F6AF500295DE9 /* Resources */ = {
			isa = PBXResourcesBuildPhase;
			buildActionMask = 2147483647;
			files = (
				473FF61C1D5F92A600295DE9 /* Strooper-Logo.jpg in Resources */,
				473FF6141D5F6AF500295DE9 /* LaunchScreen.storyboard in Resources */,
				473FF6111D5F6AF500295DE9 /* Assets.xcassets in Resources */,
				473FF60C1D5F6AF500295DE9 /* Main.storyboard in Resources */,
			);
			runOnlyForDeploymentPostprocessing = 0;
		};
/* End PBXResourcesBuildPhase section */

/* Begin PBXSourcesBuildPhase section */
		473FF5FA1D5F6AF500295DE9 /* Sources */ = {
			isa = PBXSourcesBuildPhase;
			buildActionMask = 2147483647;
			files = (
				473FF6091D5F6AF500295DE9 /* ViewController.m in Sources */,
				473FF6061D5F6AF500295DE9 /* AppDelegate.m in Sources */,
				473FF60F1D5F6AF500295DE9 /* first.xcdatamodeld in Sources */,
				473FF6031D5F6AF500295DE9 /* main.m in Sources */,
			);
			runOnlyForDeploymentPostprocessing = 0;
		};
/* End PBXSourcesBuildPhase section */

/* Begin PBXVariantGroup section */
		473FF60A1D5F6AF500295DE9 /* Main.storyboard */ = {
			isa = PBXVariantGroup;
			children = (
				473FF60B1D5F6AF500295DE9 /* Base */,
			);
			name = Main.storyboard;
			sourceTree = "<group>";
		};
		473FF6121D5F6AF500295DE9 /* LaunchScreen.storyboard */ = {
			isa = PBXVariantGroup;
			children = (
				473FF6131D5F6AF500295DE9 /* Base */,
			);
			name = LaunchScreen.storyboard;
			sourceTree = "<group>";
		};
/* End PBXVariantGroup section */

/* Begin XCBuildConfiguration section */
		473FF6161D5F6AF500295DE9 /* Debug */ = {
			isa = XCBuildConfiguration;
			buildSettings = {
				ALWAYS_SEARCH_USER_PATHS = NO;
				CLANG_ANALYZER_NONNULL = YES;
				CLANG_CXX_LANGUAGE_STANDARD = "gnu++0x";
				CLANG_CXX_LIBRARY = "libc++";
				CLANG_ENABLE_MODULES = YES;
				CLANG_ENABLE_OBJC_ARC = YES;
				CLANG_WARN_BOOL_CONVERSION = YES;
				CLANG_WARN_CONSTANT_CONVERSION = YES;
				CLANG_WARN_DIRECT_OBJC_ISA_USAGE = YES_ERROR;
				CLANG_WARN_EMPTY_BODY = YES;
				CLANG_WARN_ENUM_CONVERSION = YES;
				CLANG_WARN_INT_CONVERSION = YES;
				CLANG_WARN_OBJC_ROOT_CLASS = YES_ERROR;
				CLANG_WARN_UNREACHABLE_CODE = YES;
				CLANG_WARN__DUPLICATE_METHOD_MATCH = YES;
				"CODE_SIGN_IDENTITY[sdk=iphoneos*]" = "iPhone Developer";
				COPY_PHASE_STRIP = NO;
				DEBUG_INFORMATION_FORMAT = dwarf;
				ENABLE_STRICT_OBJC_MSGSEND = YES;
				ENABLE_TESTABILITY = YES;
				GCC_C_LANGUAGE_STANDARD = gnu99;
				GCC_DYNAMIC_NO_PIC = NO;
				GCC_NO_COMMON_BLOCKS = YES;
				GCC_OPTIMIZATION_LEVEL = 0;
				GCC_PREPROCESSOR_DEFINITIONS = (
					"DEBUG=1",
					"$(inherited)",
				);
				GCC_WARN_64_TO_32_BIT_CONVERSION = YES;
				GCC_WARN_ABOUT_RETURN_TYPE = YES_ERROR;
				GCC_WARN_UNDECLARED_SELECTOR = YES;
				GCC_WARN_UNINITIALIZED_AUTOS = YES_AGGRESSIVE;
				GCC_WARN_UNUSED_FUNCTION = YES;
				GCC_WARN_UNUSED_VARIABLE = YES;
				IPHONEOS_DEPLOYMENT_TARGET = 9.3;
				MTL_ENABLE_DEBUG_INFO = YES;
				ONLY_ACTIVE_ARCH = YES;
				SDKROOT = iphoneos;
			};
			name = Debug;
		};
		473FF6171D5F6AF500295DE9 /* Release */ = {
			isa = XCBuildConfiguration;
			buildSettings = {
				ALWAYS_SEARCH_USER_PATHS = NO;
				CLANG_ANALYZER_NONNULL = YES;
				CLANG_CXX_LANGUAGE_STANDARD = "gnu++0x";
				CLANG_CXX_LIBRARY = "libc++";
				CLANG_ENABLE_MODULES = YES;
				CLANG_ENABLE_OBJC_ARC = YES;
				CLANG_WARN_BOOL_CONVERSION = YES;
				CLANG_WARN_CONSTANT_CONVERSION = YES;
				CLANG_WARN_DIRECT_OBJC_ISA_USAGE = YES_ERROR;
				CLANG_WARN_EMPTY_BODY = YES;
				CLANG_WARN_ENUM_CONVERSION = YES;
				CLANG_WARN_INT_CONVERSION = YES;
				CLANG_WARN_OBJC_ROOT_CLASS = YES_ERROR;
				CLANG_WARN_UNREACHABLE_CODE = YES;
				CLANG_WARN__DUPLICATE_METHOD_MATCH = YES;
				"CODE_SIGN_IDENTITY[sdk=iphoneos*]" = "iPhone Developer";
				COPY_PHASE_STRIP = NO;
				DEBUG_INFORMATION_FORMAT = "dwarf-with-dsym";
				ENABLE_NS_ASSERTIONS = NO;
				ENABLE_STRICT_OBJC_MSGSEND = YES;
				GCC_C_LANGUAGE_STANDARD = gnu99;
				GCC_NO_COMMON_BLOCKS = YES;
				GCC_WARN_64_TO_32_BIT_CONVERSION = YES;
				GCC_WARN_ABOUT_RETURN_TYPE = YES_ERROR;
				GCC_WARN_UNDECLARED_SELECTOR = YES;
				GCC_WARN_UNINITIALIZED_AUTOS = YES_AGGRESSIVE;
				GCC_WARN_UNUSED_FUNCTION = YES;
				GCC_WARN_UNUSED_VARIABLE = YES;
				IPHONEOS_DEPLOYMENT_TARGET = 9.3;
				MTL_ENABLE_DEBUG_INFO = NO;
				SDKROOT = iphoneos;
				VALIDATE_PRODUCT = YES;
			};
			name = Release;
		};
		473FF6191D5F6AF500295DE9 /* Debug */ = {
			isa = XCBuildConfiguration;
			buildSettings = {
				ASSETCATALOG_COMPILER_APPICON_NAME = AppIcon;
				INFOPLIST_FILE = first/Info.plist;
				LD_RUNPATH_SEARCH_PATHS = "$(inherited) @executable_path/Frameworks";
				PRODUCT_BUNDLE_IDENTIFIER = com.hgarzstudios.first;
				PRODUCT_NAME = "$(TARGET_NAME)";
			};
			name = Debug;
		};
		473FF61A1D5F6AF500295DE9 /* Release */ = {
			isa = XCBuildConfiguration;
			buildSettings = {
				ASSETCATALOG_COMPILER_APPICON_NAME = AppIcon;
				INFOPLIST_FILE = first/Info.plist;
				LD_RUNPATH_SEARCH_PATHS = "$(inherited) @executable_path/Frameworks";
				PRODUCT_BUNDLE_IDENTIFIER = com.hgarzstudios.first;
				PRODUCT_NAME = "$(TARGET_NAME)";
			};
			name = Release;
		};
/* End XCBuildConfiguration section */

/* Begin XCConfigurationList section */
		473FF5F91D5F6AF500295DE9 /* Build configuration list for PBXProject "first" */ = {
			isa = XCConfigurationList;
			buildConfigurations = (
				473FF6161D5F6AF500295DE9 /* Debug */,
				473FF6171D5F6AF500295DE9 /* Release */,
			);
			defaultConfigurationIsVisible = 0;
			defaultConfigurationName = Release;
		};
		473FF6181D5F6AF500295DE9 /* Build configuration list for PBXNativeTarget "first" */ = {
			isa = XCConfigurationList;
			buildConfigurations = (
				473FF6191D5F6AF500295DE9 /* Debug */,
				473FF61A1D5F6AF500295DE9 /* Release */,
			);
			defaultConfigurationIsVisible = 0;
		};
/* End XCConfigurationList section */

/* Begin XCVersionGroup section */
		473FF60D1D5F6AF500295DE9 /* first.xcdatamodeld */ = {
			isa = XCVersionGroup;
			children = (
				473FF60E1D5F6AF500295DE9 /* first.xcdatamodel */,
			);
			currentVersion = 473FF60E1D5F6AF500295DE9 /* first.xcdatamodel */;
			path = first.xcdatamodeld;
			sourceTree = "<group>";
			versionGroupType = wrapper.xcdatamodel;
		};
/* End XCVersionGroup section */
	};
	rootObject = 473FF5F61D5F6AF500295DE9 /* Project object */;
}
